Microsoft Visual Studio Solution File, Format Version 12.00
# Visual Studio Version 17
VisualStudioVersion = 17.5.2.0
MinimumVisualStudioVersion = 10.0.40219.1
Project("{FAE04EC0-301F-11D3-BF4B-00C04F79EFBC}") = "PC2-REGEX", "PC2-REGEX.csproj", "{F466CD0C-C250-5817-C501-DD976C229A69}"
EndProject
Global
	GlobalSection(SolutionConfigurationPlatforms) = preSolution
		Debug|Any CPU = Debug|Any CPU
		Release|Any CPU = Release|Any CPU
	EndGlobalSection
	GlobalSection(ProjectConfigurationPlatforms) = postSolution
		{F466CD0C-C250-5817-C501-DD976C229A69}.Debug|Any CPU.ActiveCfg = Debug|Any CPU
		{F466CD0C-C250-5817-C501-DD976C229A69}.Debug|Any CPU.Build.0 = Debug|Any CPU
		{F466CD0C-C250-5817-C501-DD976C229A69}.Release|Any CPU.ActiveCfg = Release|Any CPU
		{F466CD0C-C250-5817-C501-DD976C229A69}.Release|Any CPU.Build.0 = Release|Any CPU
	EndGlobalSection
	GlobalSection(SolutionProperties) = preSolution
		HideSolutionNode = FALSE
	EndGlobalSection
	GlobalSection(ExtensibilityGlobals) = postSolution
		SolutionGuid = {8F6AED6F-8DC9-4A7D-87C3-DFA8D2E06D03}
	EndGlobalSection
EndGlobal
